
Microsoft Visual Studio Solution File, Format Version 12.00
# Visual Studio Version 17
VisualStudioVersion = 17.9.34728.123
MinimumVisualStudioVersion = 10.0.40219.1
Project("{9A19103F-16F7-4668-BE54-9A1E7A4F7556}") = "MyAttribute", "MyAttribute\MyAttribute.csproj", "{6BA2CD76-DA20-4421-BC73-AACEC5335A78}"
EndProject
Project("{9A19103F-16F7-4668-BE54-9A1E7A4F7556}") = "MyLibrary", "MyLibrary\MyLibrary.csproj", "{48DDB960-B0FC-4468-82E8-E091CA08CCFE}"
EndProject
Project("{9A19103F-16F7-4668-BE54-9A1E7A4F7556}") = "Executor", "Executor\Executor.csproj", "{1FB1FE12-4263-4D06-AF65-1BC9BC884F4A}"
EndProject
Global
	GlobalSection(SolutionConfigurationPlatforms) = preSolution
		Debug|Any CPU = Debug|Any CPU
		Release|Any CPU = Release|Any CPU
	EndGlobalSection
	GlobalSection(ProjectConfigurationPlatforms) = postSolution
		{6BA2CD76-DA20-4421-BC73-AACEC5335A78}.Debug|Any CPU.ActiveCfg = Debug|Any CPU
		{6BA2CD76-DA20-4421-BC73-AACEC5335A78}.Debug|Any CPU.Build.0 = Debug|Any CPU
		{6BA2CD76-DA20-4421-BC73-AACEC5335A78}.Release|Any CPU.ActiveCfg = Release|Any CPU
		{6BA2CD76-DA20-4421-BC73-AACEC5335A78}.Release|Any CPU.Build.0 = Release|Any CPU
		{48DDB960-B0FC-4468-82E8-E091CA08CCFE}.Debug|Any CPU.ActiveCfg = Debug|Any CPU
		{48DDB960-B0FC-4468-82E8-E091CA08CCFE}.Debug|Any CPU.Build.0 = Debug|Any CPU
		{48DDB960-B0FC-4468-82E8-E091CA08CCFE}.Release|Any CPU.ActiveCfg = Release|Any CPU
		{48DDB960-B0FC-4468-82E8-E091CA08CCFE}.Release|Any CPU.Build.0 = Release|Any CPU
		{1FB1FE12-4263-4D06-AF65-1BC9BC884F4A}.Debug|Any CPU.ActiveCfg = Debug|Any CPU
		{1FB1FE12-4263-4D06-AF65-1BC9BC884F4A}.Debug|Any CPU.Build.0 = Debug|Any CPU
		{1FB1FE12-4263-4D06-AF65-1BC9BC884F4A}.Release|Any CPU.ActiveCfg = Release|Any CPU
		{1FB1FE12-4263-4D06-AF65-1BC9BC884F4A}.Release|Any CPU.Build.0 = Release|Any CPU
	EndGlobalSection
	GlobalSection(SolutionProperties) = preSolution
		HideSolutionNode = FALSE
	EndGlobalSection
	GlobalSection(ExtensibilityGlobals) = postSolution
		SolutionGuid = {55AA9F05-47D1-4431-9561-58B1D8B936DF}
	EndGlobalSection
EndGlobal
